
Microsoft Visual Studio Solution File, Format Version 12.00
# Visual Studio Version 17
VisualStudioVersion = 17.11.35327.3
MinimumVisualStudioVersion = 10.0.40219.1
Project("{FAE04EC0-301F-11D3-BF4B-00C04F79EFBC}") = "Monitor_Ex", "Monitor_Ex\Monitor_Ex.csproj", "{08A5715C-0F09-4621-87DF-852731BCBE64}"
EndProject
Global
	GlobalSection(SolutionConfigurationPlatforms) = preSolution
		Debug|Any CPU = Debug|Any CPU
		Release|Any CPU = Release|Any CPU
	EndGlobalSection
	GlobalSection(ProjectConfigurationPlatforms) = postSolution
		{08A5715C-0F09-4621-87DF-852731BCBE64}.Debug|Any CPU.ActiveCfg = Debug|Any CPU
		{08A5715C-0F09-4621-87DF-852731BCBE64}.Debug|Any CPU.Build.0 = Debug|Any CPU
		{08A5715C-0F09-4621-87DF-852731BCBE64}.Release|Any CPU.ActiveCfg = Release|Any CPU
		{08A5715C-0F09-4621-87DF-852731BCBE64}.Release|Any CPU.Build.0 = Release|Any CPU
	EndGlobalSection
	GlobalSection(SolutionProperties) = preSolution
		HideSolutionNode = FALSE
	EndGlobalSection
	GlobalSection(ExtensibilityGlobals) = postSolution
		SolutionGuid = {9E7D677E-65CA-4835-B941-9DD7E5B342B4}
	EndGlobalSection
EndGlobal
